// !$*UTF8*$!
{
	archiveVersion = 1;
	classes = {
	};
	objectVersion = 56;
	objects = {

/* Begin PBXBuildFile section */
		260285602A03D73C00F60148 /* TabeTaskTests.swift in Sources */ = {isa = PBXBuildFile; fileRef = 2602855F2A03D73C00F60148 /* TabeTaskTests.swift */; };
		260285622A03D9E900F60148 /* NotificationHelpers.swift in Sources */ = {isa = PBXBuildFile; fileRef = 260285612A03D9E900F60148 /* NotificationHelpers.swift */; };
		260285642A04102300F60148 /* UNNotificationHelpers.swift in Sources */ = {isa = PBXBuildFile; fileRef = 260285632A04102300F60148 /* UNNotificationHelpers.swift */; };
		260285662A041C6B00F60148 /* Date+extension.swift in Sources */ = {isa = PBXBuildFile; fileRef = 260285652A041C6B00F60148 /* Date+extension.swift */; };
		263F8D7D29FD27E500EAF4AB /* AppDelegate.swift in Sources */ = {isa = PBXBuildFile; fileRef = 263F8D7C29FD27E500EAF4AB /* AppDelegate.swift */; };
		263F8D7F29FD27E500EAF4AB /* SceneDelegate.swift in Sources */ = {isa = PBXBuildFile; fileRef = 263F8D7E29FD27E500EAF4AB /* SceneDelegate.swift */; };
		263F8D8629FD27E600EAF4AB /* Assets.xcassets in Resources */ = {isa = PBXBuildFile; fileRef = 263F8D8529FD27E600EAF4AB /* Assets.xcassets */; };
		263F8D8929FD27E600EAF4AB /* LaunchScreen.storyboard in Resources */ = {isa = PBXBuildFile; fileRef = 263F8D8729FD27E600EAF4AB /* LaunchScreen.storyboard */; };
		263F8DAD29FD2AAB00EAF4AB /* GoogleService-Info.plist in Resources */ = {isa = PBXBuildFile; fileRef = 263F8DAC29FD2AAB00EAF4AB /* GoogleService-Info.plist */; };
		263F8DB029FD2D7800EAF4AB /* FirebaseAnalyticsSwift in Frameworks */ = {isa = PBXBuildFile; productRef = 263F8DAF29FD2D7800EAF4AB /* FirebaseAnalyticsSwift */; };
		263F8DB229FD2D7800EAF4AB /* FirebaseAuth in Frameworks */ = {isa = PBXBuildFile; productRef = 263F8DB129FD2D7800EAF4AB /* FirebaseAuth */; };
		263F8DB429FD2D7800EAF4AB /* FirebaseCrashlytics in Frameworks */ = {isa = PBXBuildFile; productRef = 263F8DB329FD2D7800EAF4AB /* FirebaseCrashlytics */; };
		263F8DB629FD2D7800EAF4AB /* FirebaseDatabaseSwift in Frameworks */ = {isa = PBXBuildFile; productRef = 263F8DB529FD2D7800EAF4AB /* FirebaseDatabaseSwift */; };
		263F8DC029FD534600EAF4AB /* FirebaseAuthManager.swift in Sources */ = {isa = PBXBuildFile; fileRef = 263F8DBF29FD534600EAF4AB /* FirebaseAuthManager.swift */; };
		263F8DC229FD6DC300EAF4AB /* InputWithLabel.swift in Sources */ = {isa = PBXBuildFile; fileRef = 263F8DC129FD6DC300EAF4AB /* InputWithLabel.swift */; };
		263F8DC429FD6DFB00EAF4AB /* AuthViewController.swift in Sources */ = {isa = PBXBuildFile; fileRef = 263F8DC329FD6DFB00EAF4AB /* AuthViewController.swift */; };
		263F8DC629FD6E4800EAF4AB /* MainTableViewController.swift in Sources */ = {isa = PBXBuildFile; fileRef = 263F8DC529FD6E4800EAF4AB /* MainTableViewController.swift */; };
		263F8DCA29FD6F2500EAF4AB /* SceneDelegate+Auth.swift in Sources */ = {isa = PBXBuildFile; fileRef = 263F8DC929FD6F2500EAF4AB /* SceneDelegate+Auth.swift */; };
		263F8DCC29FD84A100EAF4AB /* AuthManager.swift in Sources */ = {isa = PBXBuildFile; fileRef = 263F8DCB29FD84A100EAF4AB /* AuthManager.swift */; };
		263F8DD029FD853400EAF4AB /* FirebaseTaskLoader.swift in Sources */ = {isa = PBXBuildFile; fileRef = 263F8DCF29FD853400EAF4AB /* FirebaseTaskLoader.swift */; };
		263F8DD229FD855900EAF4AB /* TabeTask.swift in Sources */ = {isa = PBXBuildFile; fileRef = 263F8DD129FD855900EAF4AB /* TabeTask.swift */; };
		263F8DD429FD988B00EAF4AB /* UserDefaults.swift in Sources */ = {isa = PBXBuildFile; fileRef = 263F8DD329FD988B00EAF4AB /* UserDefaults.swift */; };
		263F8DD929FE71BA00EAF4AB /* FirebaseTaskManager.swift in Sources */ = {isa = PBXBuildFile; fileRef = 263F8DD829FE71BA00EAF4AB /* FirebaseTaskManager.swift */; };
		263F8DDB29FE71C700EAF4AB /* FirebaseGroupManager.swift in Sources */ = {isa = PBXBuildFile; fileRef = 263F8DDA29FE71C700EAF4AB /* FirebaseGroupManager.swift */; };
		263F8DDD29FEB1B400EAF4AB /* WelcomeViewController.swift in Sources */ = {isa = PBXBuildFile; fileRef = 263F8DDC29FEB1B400EAF4AB /* WelcomeViewController.swift */; };
		266073F629FFD94500C85E2A /* TabeTaskLoader.swift in Sources */ = {isa = PBXBuildFile; fileRef = 266073F529FFD94500C85E2A /* TabeTaskLoader.swift */; };
		266073F829FFD9ED00C85E2A /* MainTableViewController+tableView.swift in Sources */ = {isa = PBXBuildFile; fileRef = 266073F729FFD9ED00C85E2A /* MainTableViewController+tableView.swift */; };
		266073FA2A00FD0600C85E2A /* EditTaskViewController.swift in Sources */ = {isa = PBXBuildFile; fileRef = 266073F92A00FD0600C85E2A /* EditTaskViewController.swift */; };
		266073FC2A013FA400C85E2A /* TabeTaskCell.swift in Sources */ = {isa = PBXBuildFile; fileRef = 266073FB2A013FA400C85E2A /* TabeTaskCell.swift */; };
		26C4915A2A019FB100ABF05B /* LocalAuthManagerTests.swift in Sources */ = {isa = PBXBuildFile; fileRef = 26C491592A019FB100ABF05B /* LocalAuthManagerTests.swift */; };
		26C4915C2A01A10300ABF05B /* XCTestCase+memoryLeaks.swift in Sources */ = {isa = PBXBuildFile; fileRef = 26C4915B2A01A10300ABF05B /* XCTestCase+memoryLeaks.swift */; };
		26C491652A01B27E00ABF05B /* LocalAuthManager.swift in Sources */ = {isa = PBXBuildFile; fileRef = 26C491642A01B27E00ABF05B /* LocalAuthManager.swift */; };
		26C491672A0250D200ABF05B /* UserDefaultsProtocol.swift in Sources */ = {isa = PBXBuildFile; fileRef = 26C491662A0250D200ABF05B /* UserDefaultsProtocol.swift */; };
		26C4916A2A02527A00ABF05B /* LocalTaskManager.swift in Sources */ = {isa = PBXBuildFile; fileRef = 26C491692A02527A00ABF05B /* LocalTaskManager.swift */; };
		26C4916D2A0253B400ABF05B /* LocalGroupManager.swift in Sources */ = {isa = PBXBuildFile; fileRef = 26C4916C2A0253B400ABF05B /* LocalGroupManager.swift */; };
		26C491712A0253E900ABF05B /* LocalTaskLoader.swift in Sources */ = {isa = PBXBuildFile; fileRef = 26C491702A0253E900ABF05B /* LocalTaskLoader.swift */; };
		26C491732A0256A900ABF05B /* TabetaGroupManager.swift in Sources */ = {isa = PBXBuildFile; fileRef = 26C491722A0256A900ABF05B /* TabetaGroupManager.swift */; };
		26C491752A0256D000ABF05B /* TabeTaskManager.swift in Sources */ = {isa = PBXBuildFile; fileRef = 26C491742A0256D000ABF05B /* TabeTaskManager.swift */; };
		26C491772A0257AB00ABF05B /* LocalGroupManagerTests.swift in Sources */ = {isa = PBXBuildFile; fileRef = 26C491762A0257AB00ABF05B /* LocalGroupManagerTests.swift */; };
		26C491792A02610400ABF05B /* LocalTaskManagerTests.swift in Sources */ = {isa = PBXBuildFile; fileRef = 26C491782A02610400ABF05B /* LocalTaskManagerTests.swift */; };
		26C4917B2A02649400ABF05B /* LocalTaskLoaderTests.swift in Sources */ = {isa = PBXBuildFile; fileRef = 26C4917A2A02649400ABF05B /* LocalTaskLoaderTests.swift */; };
/* End PBXBuildFile section */

/* Begin PBXContainerItemProxy section */
		263F8D9029FD27E700EAF4AB /* PBXContainerItemProxy */ = {
			isa = PBXContainerItemProxy;
			containerPortal = 263F8D7129FD27E500EAF4AB /* Project object */;
			proxyType = 1;
			remoteGlobalIDString = 263F8D7829FD27E500EAF4AB;
			remoteInfo = Tabeta;
		};
/* End PBXContainerItemProxy section */

/* Begin PBXFileReference section */
		2602855F2A03D73C00F60148 /* TabeTaskTests.swift */ = {isa = PBXFileReference; lastKnownFileType = sourcecode.swift; path = TabeTaskTests.swift; sourceTree = "<group>"; };
		260285612A03D9E900F60148 /* NotificationHelpers.swift */ = {isa = PBXFileReference; lastKnownFileType = sourcecode.swift; path = NotificationHelpers.swift; sourceTree = "<group>"; };
		260285632A04102300F60148 /* UNNotificationHelpers.swift */ = {isa = PBXFileReference; lastKnownFileType = sourcecode.swift; path = UNNotificationHelpers.swift; sourceTree = "<group>"; };
		260285652A041C6B00F60148 /* Date+extension.swift */ = {isa = PBXFileReference; lastKnownFileType = sourcecode.swift; path = "Date+extension.swift"; sourceTree = "<group>"; };
		263F8D7929FD27E500EAF4AB /* Tabeta.app */ = {isa = PBXFileReference; explicitFileType = wrapper.application; includeInIndex = 0; path = Tabeta.app; sourceTree = BUILT_PRODUCTS_DIR; };
		263F8D7C29FD27E500EAF4AB /* AppDelegate.swift */ = {isa = PBXFileReference; lastKnownFileType = sourcecode.swift; path = AppDelegate.swift; sourceTree = "<group>"; };
		263F8D7E29FD27E500EAF4AB /* SceneDelegate.swift */ = {isa = PBXFileReference; lastKnownFileType = sourcecode.swift; path = SceneDelegate.swift; sourceTree = "<group>"; };
		263F8D8529FD27E600EAF4AB /* Assets.xcassets */ = {isa = PBXFileReference; lastKnownFileType = folder.assetcatalog; path = Assets.xcassets; sourceTree = "<group>"; };
		263F8D8829FD27E600EAF4AB /* Base */ = {isa = PBXFileReference; lastKnownFileType = file.storyboard; name = Base; path = Base.lproj/LaunchScreen.storyboard; sourceTree = "<group>"; };
		263F8D8A29FD27E600EAF4AB /* Info.plist */ = {isa = PBXFileReference; lastKnownFileType = text.plist.xml; path = Info.plist; sourceTree = "<group>"; };
		263F8D8F29FD27E700EAF4AB /* TabetaTests.xctest */ = {isa = PBXFileReference; explicitFileType = wrapper.cfbundle; includeInIndex = 0; path = TabetaTests.xctest; sourceTree = BUILT_PRODUCTS_DIR; };
		263F8DAC29FD2AAB00EAF4AB /* GoogleService-Info.plist */ = {isa = PBXFileReference; fileEncoding = 4; lastKnownFileType = text.plist.xml; path = "GoogleService-Info.plist"; sourceTree = "<group>"; };
		263F8DBF29FD534600EAF4AB /* FirebaseAuthManager.swift */ = {isa = PBXFileReference; lastKnownFileType = sourcecode.swift; path = FirebaseAuthManager.swift; sourceTree = "<group>"; };
		263F8DC129FD6DC300EAF4AB /* InputWithLabel.swift */ = {isa = PBXFileReference; fileEncoding = 4; lastKnownFileType = sourcecode.swift; path = InputWithLabel.swift; sourceTree = "<group>"; };
		263F8DC329FD6DFB00EAF4AB /* AuthViewController.swift */ = {isa = PBXFileReference; fileEncoding = 4; lastKnownFileType = sourcecode.swift; path = AuthViewController.swift; sourceTree = "<group>"; };
		263F8DC529FD6E4800EAF4AB /* MainTableViewController.swift */ = {isa = PBXFileReference; fileEncoding = 4; lastKnownFileType = sourcecode.swift; path = MainTableViewController.swift; sourceTree = "<group>"; };
		263F8DC929FD6F2500EAF4AB /* SceneDelegate+Auth.swift */ = {isa = PBXFileReference; lastKnownFileType = sourcecode.swift; path = "SceneDelegate+Auth.swift"; sourceTree = "<group>"; };
		263F8DCB29FD84A100EAF4AB /* AuthManager.swift */ = {isa = PBXFileReference; lastKnownFileType = sourcecode.swift; path = AuthManager.swift; sourceTree = "<group>"; };
		263F8DCF29FD853400EAF4AB /* FirebaseTaskLoader.swift */ = {isa = PBXFileReference; lastKnownFileType = sourcecode.swift; path = FirebaseTaskLoader.swift; sourceTree = "<group>"; };
		263F8DD129FD855900EAF4AB /* TabeTask.swift */ = {isa = PBXFileReference; lastKnownFileType = sourcecode.swift; path = TabeTask.swift; sourceTree = "<group>"; };
		263F8DD329FD988B00EAF4AB /* UserDefaults.swift */ = {isa = PBXFileReference; lastKnownFileType = sourcecode.swift; path = UserDefaults.swift; sourceTree = "<group>"; };
		263F8DD829FE71BA00EAF4AB /* FirebaseTaskManager.swift */ = {isa = PBXFileReference; lastKnownFileType = sourcecode.swift; path = FirebaseTaskManager.swift; sourceTree = "<group>"; };
		263F8DDA29FE71C700EAF4AB /* FirebaseGroupManager.swift */ = {isa = PBXFileReference; lastKnownFileType = sourcecode.swift; path = FirebaseGroupManager.swift; sourceTree = "<group>"; };
		263F8DDC29FEB1B400EAF4AB /* WelcomeViewController.swift */ = {isa = PBXFileReference; fileEncoding = 4; lastKnownFileType = sourcecode.swift; path = WelcomeViewController.swift; sourceTree = "<group>"; };
		266073F529FFD94500C85E2A /* TabeTaskLoader.swift */ = {isa = PBXFileReference; lastKnownFileType = sourcecode.swift; path = TabeTaskLoader.swift; sourceTree = "<group>"; };
		266073F729FFD9ED00C85E2A /* MainTableViewController+tableView.swift */ = {isa = PBXFileReference; fileEncoding = 4; lastKnownFileType = sourcecode.swift; path = "MainTableViewController+tableView.swift"; sourceTree = "<group>"; };
		266073F92A00FD0600C85E2A /* EditTaskViewController.swift */ = {isa = PBXFileReference; lastKnownFileType = sourcecode.swift; path = EditTaskViewController.swift; sourceTree = "<group>"; };
		266073FB2A013FA400C85E2A /* TabeTaskCell.swift */ = {isa = PBXFileReference; lastKnownFileType = sourcecode.swift; path = TabeTaskCell.swift; sourceTree = "<group>"; };
		26C491592A019FB100ABF05B /* LocalAuthManagerTests.swift */ = {isa = PBXFileReference; lastKnownFileType = sourcecode.swift; path = LocalAuthManagerTests.swift; sourceTree = "<group>"; };
		26C4915B2A01A10300ABF05B /* XCTestCase+memoryLeaks.swift */ = {isa = PBXFileReference; lastKnownFileType = sourcecode.swift; path = "XCTestCase+memoryLeaks.swift"; sourceTree = "<group>"; };
		26C491642A01B27E00ABF05B /* LocalAuthManager.swift */ = {isa = PBXFileReference; lastKnownFileType = sourcecode.swift; path = LocalAuthManager.swift; sourceTree = "<group>"; };
		26C491662A0250D200ABF05B /* UserDefaultsProtocol.swift */ = {isa = PBXFileReference; lastKnownFileType = sourcecode.swift; path = UserDefaultsProtocol.swift; sourceTree = "<group>"; };
		26C491692A02527A00ABF05B /* LocalTaskManager.swift */ = {isa = PBXFileReference; lastKnownFileType = sourcecode.swift; path = LocalTaskManager.swift; sourceTree = "<group>"; };
		26C4916C2A0253B400ABF05B /* LocalGroupManager.swift */ = {isa = PBXFileReference; lastKnownFileType = sourcecode.swift; path = LocalGroupManager.swift; sourceTree = "<group>"; };
		26C491702A0253E900ABF05B /* LocalTaskLoader.swift */ = {isa = PBXFileReference; lastKnownFileType = sourcecode.swift; path = LocalTaskLoader.swift; sourceTree = "<group>"; };
		26C491722A0256A900ABF05B /* TabetaGroupManager.swift */ = {isa = PBXFileReference; lastKnownFileType = sourcecode.swift; path = TabetaGroupManager.swift; sourceTree = "<group>"; };
		26C491742A0256D000ABF05B /* TabeTaskManager.swift */ = {isa = PBXFileReference; lastKnownFileType = sourcecode.swift; path = TabeTaskManager.swift; sourceTree = "<group>"; };
		26C491762A0257AB00ABF05B /* LocalGroupManagerTests.swift */ = {isa = PBXFileReference; lastKnownFileType = sourcecode.swift; path = LocalGroupManagerTests.swift; sourceTree = "<group>"; };
		26C491782A02610400ABF05B /* LocalTaskManagerTests.swift */ = {isa = PBXFileReference; lastKnownFileType = sourcecode.swift; path = LocalTaskManagerTests.swift; sourceTree = "<group>"; };
		26C4917A2A02649400ABF05B /* LocalTaskLoaderTests.swift */ = {isa = PBXFileReference; lastKnownFileType = sourcecode.swift; path = LocalTaskLoaderTests.swift; sourceTree = "<group>"; };
/* End PBXFileReference section */

/* Begin PBXFrameworksBuildPhase section */
		263F8D7629FD27E500EAF4AB /* Frameworks */ = {
			isa = PBXFrameworksBuildPhase;
			buildActionMask = 2147483647;
			files = (
				263F8DB629FD2D7800EAF4AB /* FirebaseDatabaseSwift in Frameworks */,
				263F8DB429FD2D7800EAF4AB /* FirebaseCrashlytics in Frameworks */,
				263F8DB029FD2D7800EAF4AB /* FirebaseAnalyticsSwift in Frameworks */,
				263F8DB229FD2D7800EAF4AB /* FirebaseAuth in Frameworks */,
			);
			runOnlyForDeploymentPostprocessing = 0;
		};
		263F8D8C29FD27E700EAF4AB /* Frameworks */ = {
			isa = PBXFrameworksBuildPhase;
			buildActionMask = 2147483647;
			files = (
			);
			runOnlyForDeploymentPostprocessing = 0;
		};
/* End PBXFrameworksBuildPhase section */

/* Begin PBXGroup section */
		263F8D7029FD27E500EAF4AB = {
			isa = PBXGroup;
			children = (
				263F8D7B29FD27E500EAF4AB /* Tabeta */,
				263F8D9229FD27E700EAF4AB /* TabetaTests */,
				263F8D7A29FD27E500EAF4AB /* Products */,
				26C4915D2A01A6A500ABF05B /* Frameworks */,
			);
			sourceTree = "<group>";
		};
		263F8D7A29FD27E500EAF4AB /* Products */ = {
			isa = PBXGroup;
			children = (
				263F8D7929FD27E500EAF4AB /* Tabeta.app */,
				263F8D8F29FD27E700EAF4AB /* TabetaTests.xctest */,
			);
			name = Products;
			sourceTree = "<group>";
		};
		263F8D7B29FD27E500EAF4AB /* Tabeta */ = {
			isa = PBXGroup;
			children = (
				263F8DCE29FD851C00EAF4AB /* TasksAPI */,
				263F8DB929FD317C00EAF4AB /* ViewControllers */,
				263F8DBE29FD41D500EAF4AB /* ReusableViews */,
				263F8DD529FD989000EAF4AB /* Helpers */,
				263F8D7C29FD27E500EAF4AB /* AppDelegate.swift */,
				263F8D7E29FD27E500EAF4AB /* SceneDelegate.swift */,
				263F8DC929FD6F2500EAF4AB /* SceneDelegate+Auth.swift */,
				263F8D8529FD27E600EAF4AB /* Assets.xcassets */,
				263F8D8729FD27E600EAF4AB /* LaunchScreen.storyboard */,
				263F8D8A29FD27E600EAF4AB /* Info.plist */,
				263F8DAC29FD2AAB00EAF4AB /* GoogleService-Info.plist */,
			);
			path = Tabeta;
			sourceTree = "<group>";
		};
		263F8D9229FD27E700EAF4AB /* TabetaTests */ = {
			isa = PBXGroup;
			children = (
				26C491592A019FB100ABF05B /* LocalAuthManagerTests.swift */,
				26C4917A2A02649400ABF05B /* LocalTaskLoaderTests.swift */,
				26C491782A02610400ABF05B /* LocalTaskManagerTests.swift */,
				26C491762A0257AB00ABF05B /* LocalGroupManagerTests.swift */,
				26C4915B2A01A10300ABF05B /* XCTestCase+memoryLeaks.swift */,
				2602855F2A03D73C00F60148 /* TabeTaskTests.swift */,
			);
			path = TabetaTests;
			sourceTree = "<group>";
		};
		263F8DB929FD317C00EAF4AB /* ViewControllers */ = {
			isa = PBXGroup;
			children = (
				263F8DC529FD6E4800EAF4AB /* MainTableViewController.swift */,
				266073F729FFD9ED00C85E2A /* MainTableViewController+tableView.swift */,
				263F8DC329FD6DFB00EAF4AB /* AuthViewController.swift */,
				263F8DDC29FEB1B400EAF4AB /* WelcomeViewController.swift */,
				266073F92A00FD0600C85E2A /* EditTaskViewController.swift */,
			);
			path = ViewControllers;
			sourceTree = "<group>";
		};
		263F8DBE29FD41D500EAF4AB /* ReusableViews */ = {
			isa = PBXGroup;
			children = (
				263F8DC129FD6DC300EAF4AB /* InputWithLabel.swift */,
				266073FB2A013FA400C85E2A /* TabeTaskCell.swift */,
			);
			path = ReusableViews;
			sourceTree = "<group>";
		};
		263F8DCD29FD84B900EAF4AB /* Auth */ = {
			isa = PBXGroup;
			children = (
				263F8DCB29FD84A100EAF4AB /* AuthManager.swift */,
				263F8DBF29FD534600EAF4AB /* FirebaseAuthManager.swift */,
				26C491642A01B27E00ABF05B /* LocalAuthManager.swift */,
			);
			path = Auth;
			sourceTree = "<group>";
		};
		263F8DCE29FD851C00EAF4AB /* TasksAPI */ = {
			isa = PBXGroup;
			children = (
				263F8DCD29FD84B900EAF4AB /* Auth */,
				26C491682A02524600ABF05B /* Tasks */,
			);
			path = TasksAPI;
			sourceTree = "<group>";
		};
		263F8DD529FD989000EAF4AB /* Helpers */ = {
			isa = PBXGroup;
			children = (
				263F8DD329FD988B00EAF4AB /* UserDefaults.swift */,
				26C491662A0250D200ABF05B /* UserDefaultsProtocol.swift */,
				260285612A03D9E900F60148 /* NotificationHelpers.swift */,
				260285632A04102300F60148 /* UNNotificationHelpers.swift */,
				260285652A041C6B00F60148 /* Date+extension.swift */,
			);
			path = Helpers;
			sourceTree = "<group>";
		};
		26C4915D2A01A6A500ABF05B /* Frameworks */ = {
			isa = PBXGroup;
			children = (
			);
			name = Frameworks;
			sourceTree = "<group>";
		};
		26C491682A02524600ABF05B /* Tasks */ = {
			isa = PBXGroup;
			children = (
				263F8DD129FD855900EAF4AB /* TabeTask.swift */,
				26C4916E2A0253BB00ABF05B /* GroupManager */,
				26C4916B2A02538800ABF05B /* TaskManager */,
				26C4916F2A0253D200ABF05B /* TaskLoader */,
			);
			path = Tasks;
			sourceTree = "<group>";
		};
		26C4916B2A02538800ABF05B /* TaskManager */ = {
			isa = PBXGroup;
			children = (
				26C491742A0256D000ABF05B /* TabeTaskManager.swift */,
				263F8DD829FE71BA00EAF4AB /* FirebaseTaskManager.swift */,
				26C491692A02527A00ABF05B /* LocalTaskManager.swift */,
			);
			path = TaskManager;
			sourceTree = "<group>";
		};
		26C4916E2A0253BB00ABF05B /* GroupManager */ = {
			isa = PBXGroup;
			children = (
				26C491722A0256A900ABF05B /* TabetaGroupManager.swift */,
				263F8DDA29FE71C700EAF4AB /* FirebaseGroupManager.swift */,
				26C4916C2A0253B400ABF05B /* LocalGroupManager.swift */,
			);
			path = GroupManager;
			sourceTree = "<group>";
		};
		26C4916F2A0253D200ABF05B /* TaskLoader */ = {
			isa = PBXGroup;
			children = (
				266073F529FFD94500C85E2A /* TabeTaskLoader.swift */,
				263F8DCF29FD853400EAF4AB /* FirebaseTaskLoader.swift */,
				26C491702A0253E900ABF05B /* LocalTaskLoader.swift */,
			);
			path = TaskLoader;
			sourceTree = "<group>";
		};
/* End PBXGroup section */

/* Begin PBXNativeTarget section */
		263F8D7829FD27E500EAF4AB /* Tabeta */ = {
			isa = PBXNativeTarget;
			buildConfigurationList = 263F8DA329FD27E700EAF4AB /* Build configuration list for PBXNativeTarget "Tabeta" */;
			buildPhases = (
				263F8D7529FD27E500EAF4AB /* Sources */,
				263F8D7629FD27E500EAF4AB /* Frameworks */,
				263F8D7729FD27E500EAF4AB /* Resources */,
			);
			buildRules = (
			);
			dependencies = (
			);
			name = Tabeta;
			packageProductDependencies = (
				263F8DAF29FD2D7800EAF4AB /* FirebaseAnalyticsSwift */,
				263F8DB129FD2D7800EAF4AB /* FirebaseAuth */,
				263F8DB329FD2D7800EAF4AB /* FirebaseCrashlytics */,
				263F8DB529FD2D7800EAF4AB /* FirebaseDatabaseSwift */,
			);
			productName = Tabeta;
			productReference = 263F8D7929FD27E500EAF4AB /* Tabeta.app */;
			productType = "com.apple.product-type.application";
		};
		263F8D8E29FD27E700EAF4AB /* TabetaTests */ = {
			isa = PBXNativeTarget;
			buildConfigurationList = 263F8DA629FD27E700EAF4AB /* Build configuration list for PBXNativeTarget "TabetaTests" */;
			buildPhases = (
				263F8D8B29FD27E700EAF4AB /* Sources */,
				263F8D8C29FD27E700EAF4AB /* Frameworks */,
				263F8D8D29FD27E700EAF4AB /* Resources */,
			);
			buildRules = (
			);
			dependencies = (
				263F8D9129FD27E700EAF4AB /* PBXTargetDependency */,
			);
			name = TabetaTests;
			packageProductDependencies = (
			);
			productName = TabetaTests;
			productReference = 263F8D8F29FD27E700EAF4AB /* TabetaTests.xctest */;
			productType = "com.apple.product-type.bundle.unit-test";
		};
/* End PBXNativeTarget section */

/* Begin PBXProject section */
		263F8D7129FD27E500EAF4AB /* Project object */ = {
			isa = PBXProject;
			attributes = {
				BuildIndependentTargetsInParallel = 1;
				LastSwiftUpdateCheck = 1430;
				LastUpgradeCheck = 1430;
				TargetAttributes = {
					263F8D7829FD27E500EAF4AB = {
						CreatedOnToolsVersion = 14.3;
					};
					263F8D8E29FD27E700EAF4AB = {
						CreatedOnToolsVersion = 14.3;
						TestTargetID = 263F8D7829FD27E500EAF4AB;
					};
				};
			};
			buildConfigurationList = 263F8D7429FD27E500EAF4AB /* Build configuration list for PBXProject "Tabeta" */;
			compatibilityVersion = "Xcode 14.0";
			developmentRegion = en;
			hasScannedForEncodings = 0;
			knownRegions = (
				en,
				Base,
			);
			mainGroup = 263F8D7029FD27E500EAF4AB;
			packageReferences = (
				263F8DAE29FD2D7800EAF4AB /* XCRemoteSwiftPackageReference "firebase-ios-sdk" */,
			);
			productRefGroup = 263F8D7A29FD27E500EAF4AB /* Products */;
			projectDirPath = "";
			projectRoot = "";
			targets = (
				263F8D7829FD27E500EAF4AB /* Tabeta */,
				263F8D8E29FD27E700EAF4AB /* TabetaTests */,
			);
		};
/* End PBXProject section */

/* Begin PBXResourcesBuildPhase section */
		263F8D7729FD27E500EAF4AB /* Resources */ = {
			isa = PBXResourcesBuildPhase;
			buildActionMask = 2147483647;
			files = (
				263F8D8929FD27E600EAF4AB /* LaunchScreen.storyboard in Resources */,
				263F8D8629FD27E600EAF4AB /* Assets.xcassets in Resources */,
				263F8DAD29FD2AAB00EAF4AB /* GoogleService-Info.plist in Resources */,
			);
			runOnlyForDeploymentPostprocessing = 0;
		};
		263F8D8D29FD27E700EAF4AB /* Resources */ = {
			isa = PBXResourcesBuildPhase;
			buildActionMask = 2147483647;
			files = (
			);
			runOnlyForDeploymentPostprocessing = 0;
		};
/* End PBXResourcesBuildPhase section */

/* Begin PBXSourcesBuildPhase section */
		263F8D7529FD27E500EAF4AB /* Sources */ = {
			isa = PBXSourcesBuildPhase;
			buildActionMask = 2147483647;
			files = (
				26C491752A0256D000ABF05B /* TabeTaskManager.swift in Sources */,
				263F8DC029FD534600EAF4AB /* FirebaseAuthManager.swift in Sources */,
				263F8DDB29FE71C700EAF4AB /* FirebaseGroupManager.swift in Sources */,
				263F8DD929FE71BA00EAF4AB /* FirebaseTaskManager.swift in Sources */,
				263F8DD029FD853400EAF4AB /* FirebaseTaskLoader.swift in Sources */,
				263F8DCC29FD84A100EAF4AB /* AuthManager.swift in Sources */,
				266073F629FFD94500C85E2A /* TabeTaskLoader.swift in Sources */,
				263F8DD429FD988B00EAF4AB /* UserDefaults.swift in Sources */,
				263F8DCA29FD6F2500EAF4AB /* SceneDelegate+Auth.swift in Sources */,
				263F8D7D29FD27E500EAF4AB /* AppDelegate.swift in Sources */,
				263F8DC429FD6DFB00EAF4AB /* AuthViewController.swift in Sources */,
				266073FC2A013FA400C85E2A /* TabeTaskCell.swift in Sources */,
				263F8D7F29FD27E500EAF4AB /* SceneDelegate.swift in Sources */,
				260285662A041C6B00F60148 /* Date+extension.swift in Sources */,
				26C491732A0256A900ABF05B /* TabetaGroupManager.swift in Sources */,
				263F8DD229FD855900EAF4AB /* TabeTask.swift in Sources */,
				26C491712A0253E900ABF05B /* LocalTaskLoader.swift in Sources */,
				260285622A03D9E900F60148 /* NotificationHelpers.swift in Sources */,
				266073FA2A00FD0600C85E2A /* EditTaskViewController.swift in Sources */,
				26C491672A0250D200ABF05B /* UserDefaultsProtocol.swift in Sources */,
				26C4916D2A0253B400ABF05B /* LocalGroupManager.swift in Sources */,
				26C491652A01B27E00ABF05B /* LocalAuthManager.swift in Sources */,
				266073F829FFD9ED00C85E2A /* MainTableViewController+tableView.swift in Sources */,
				263F8DC629FD6E4800EAF4AB /* MainTableViewController.swift in Sources */,
				26C4916A2A02527A00ABF05B /* LocalTaskManager.swift in Sources */,
				260285642A04102300F60148 /* UNNotificationHelpers.swift in Sources */,
				263F8DC229FD6DC300EAF4AB /* InputWithLabel.swift in Sources */,
				263F8DDD29FEB1B400EAF4AB /* WelcomeViewController.swift in Sources */,
			);
			runOnlyForDeploymentPostprocessing = 0;
		};
		263F8D8B29FD27E700EAF4AB /* Sources */ = {
			isa = PBXSourcesBuildPhase;
			buildActionMask = 2147483647;
			files = (
				26C4917B2A02649400ABF05B /* LocalTaskLoaderTests.swift in Sources */,
				26C4915A2A019FB100ABF05B /* LocalAuthManagerTests.swift in Sources */,
				26C4915C2A01A10300ABF05B /* XCTestCase+memoryLeaks.swift in Sources */,
				26C491792A02610400ABF05B /* LocalTaskManagerTests.swift in Sources */,
				260285602A03D73C00F60148 /* TabeTaskTests.swift in Sources */,
				26C491772A0257AB00ABF05B /* LocalGroupManagerTests.swift in Sources */,
			);
			runOnlyForDeploymentPostprocessing = 0;
		};
/* End PBXSourcesBuildPhase section */

/* Begin PBXTargetDependency section */
		263F8D9129FD27E700EAF4AB /* PBXTargetDependency */ = {
			isa = PBXTargetDependency;
			target = 263F8D7829FD27E500EAF4AB /* Tabeta */;
			targetProxy = 263F8D9029FD27E700EAF4AB /* PBXContainerItemProxy */;
		};
/* End PBXTargetDependency section */

/* Begin PBXVariantGroup section */
		263F8D8729FD27E600EAF4AB /* LaunchScreen.storyboard */ = {
			isa = PBXVariantGroup;
			children = (
				263F8D8829FD27E600EAF4AB /* Base */,
			);
			name = LaunchScreen.storyboard;
			sourceTree = "<group>";
		};
/* End PBXVariantGroup section */

/* Begin XCBuildConfiguration section */
		263F8DA129FD27E700EAF4AB /* Debug */ = {
			isa = XCBuildConfiguration;
			buildSettings = {
				ALWAYS_SEARCH_USER_PATHS = NO;
				CLANG_ANALYZER_NONNULL = YES;
				CLANG_ANALYZER_NUMBER_OBJECT_CONVERSION = YES_AGGRESSIVE;
				CLANG_CXX_LANGUAGE_STANDARD = "gnu++20";
				CLANG_ENABLE_MODULES = YES;
				CLANG_ENABLE_OBJC_ARC = YES;
				CLANG_ENABLE_OBJC_WEAK = YES;
				CLANG_WARN_BLOCK_CAPTURE_AUTORELEASING = YES;
				CLANG_WARN_BOOL_CONVERSION = YES;
				CLANG_WARN_COMMA = YES;
				CLANG_WARN_CONSTANT_CONVERSION = YES;
				CLANG_WARN_DEPRECATED_OBJC_IMPLEMENTATIONS = YES;
				CLANG_WARN_DIRECT_OBJC_ISA_USAGE = YES_ERROR;
				CLANG_WARN_DOCUMENTATION_COMMENTS = YES;
				CLANG_WARN_EMPTY_BODY = YES;
				CLANG_WARN_ENUM_CONVERSION = YES;
				CLANG_WARN_INFINITE_RECURSION = YES;
				CLANG_WARN_INT_CONVERSION = YES;
				CLANG_WARN_NON_LITERAL_NULL_CONVERSION = YES;
				CLANG_WARN_OBJC_IMPLICIT_RETAIN_SELF = YES;
				CLANG_WARN_OBJC_LITERAL_CONVERSION = YES;
				CLANG_WARN_OBJC_ROOT_CLASS = YES_ERROR;
				CLANG_WARN_QUOTED_INCLUDE_IN_FRAMEWORK_HEADER = YES;
				CLANG_WARN_RANGE_LOOP_ANALYSIS = YES;
				CLANG_WARN_STRICT_PROTOTYPES = YES;
				CLANG_WARN_SUSPICIOUS_MOVE = YES;
				CLANG_WARN_UNGUARDED_AVAILABILITY = YES_AGGRESSIVE;
				CLANG_WARN_UNREACHABLE_CODE = YES;
				CLANG_WARN__DUPLICATE_METHOD_MATCH = YES;
				COPY_PHASE_STRIP = NO;
				DEBUG_INFORMATION_FORMAT = dwarf;
				ENABLE_STRICT_OBJC_MSGSEND = YES;
				ENABLE_TESTABILITY = YES;
				GCC_C_LANGUAGE_STANDARD = gnu11;
				GCC_DYNAMIC_NO_PIC = NO;
				GCC_NO_COMMON_BLOCKS = YES;
				GCC_OPTIMIZATION_LEVEL = 0;
				GCC_PREPROCESSOR_DEFINITIONS = (
					"DEBUG=1",
					"$(inherited)",
				);
				GCC_WARN_64_TO_32_BIT_CONVERSION = YES;
				GCC_WARN_ABOUT_RETURN_TYPE = YES_ERROR;
				GCC_WARN_UNDECLARED_SELECTOR = YES;
				GCC_WARN_UNINITIALIZED_AUTOS = YES_AGGRESSIVE;
				GCC_WARN_UNUSED_FUNCTION = YES;
				GCC_WARN_UNUSED_VARIABLE = YES;
				IPHONEOS_DEPLOYMENT_TARGET = 16.2;
				MTL_ENABLE_DEBUG_INFO = INCLUDE_SOURCE;
				MTL_FAST_MATH = YES;
				ONLY_ACTIVE_ARCH = YES;
				SDKROOT = iphoneos;
				SWIFT_ACTIVE_COMPILATION_CONDITIONS = DEBUG;
				SWIFT_OPTIMIZATION_LEVEL = "-Onone";
			};
			name = Debug;
		};
		263F8DA229FD27E700EAF4AB /* Release */ = {
			isa = XCBuildConfiguration;
			buildSettings = {
				ALWAYS_SEARCH_USER_PATHS = NO;
				CLANG_ANALYZER_NONNULL = YES;
				CLANG_ANALYZER_NUMBER_OBJECT_CONVERSION = YES_AGGRESSIVE;
				CLANG_CXX_LANGUAGE_STANDARD = "gnu++20";
				CLANG_ENABLE_MODULES = YES;
				CLANG_ENABLE_OBJC_ARC = YES;
				CLANG_ENABLE_OBJC_WEAK = YES;
				CLANG_WARN_BLOCK_CAPTURE_AUTORELEASING = YES;
				CLANG_WARN_BOOL_CONVERSION = YES;
				CLANG_WARN_COMMA = YES;
				CLANG_WARN_CONSTANT_CONVERSION = YES;
				CLANG_WARN_DEPRECATED_OBJC_IMPLEMENTATIONS = YES;
				CLANG_WARN_DIRECT_OBJC_ISA_USAGE = YES_ERROR;
				CLANG_WARN_DOCUMENTATION_COMMENTS = YES;
				CLANG_WARN_EMPTY_BODY = YES;
				CLANG_WARN_ENUM_CONVERSION = YES;
				CLANG_WARN_INFINITE_RECURSION = YES;
				CLANG_WARN_INT_CONVERSION = YES;
				CLANG_WARN_NON_LITERAL_NULL_CONVERSION = YES;
				CLANG_WARN_OBJC_IMPLICIT_RETAIN_SELF = YES;
				CLANG_WARN_OBJC_LITERAL_CONVERSION = YES;
				CLANG_WARN_OBJC_ROOT_CLASS = YES_ERROR;
				CLANG_WARN_QUOTED_INCLUDE_IN_FRAMEWORK_HEADER = YES;
				CLANG_WARN_RANGE_LOOP_ANALYSIS = YES;
				CLANG_WARN_STRICT_PROTOTYPES = YES;
				CLANG_WARN_SUSPICIOUS_MOVE = YES;
				CLANG_WARN_UNGUARDED_AVAILABILITY = YES_AGGRESSIVE;
				CLANG_WARN_UNREACHABLE_CODE = YES;
				CLANG_WARN__DUPLICATE_METHOD_MATCH = YES;
				COPY_PHASE_STRIP = NO;
				DEBUG_INFORMATION_FORMAT = "dwarf-with-dsym";
				ENABLE_NS_ASSERTIONS = NO;
				ENABLE_STRICT_OBJC_MSGSEND = YES;
				GCC_C_LANGUAGE_STANDARD = gnu11;
				GCC_NO_COMMON_BLOCKS = YES;
				GCC_WARN_64_TO_32_BIT_CONVERSION = YES;
				GCC_WARN_ABOUT_RETURN_TYPE = YES_ERROR;
				GCC_WARN_UNDECLARED_SELECTOR = YES;
				GCC_WARN_UNINITIALIZED_AUTOS = YES_AGGRESSIVE;
				GCC_WARN_UNUSED_FUNCTION = YES;
				GCC_WARN_UNUSED_VARIABLE = YES;
				IPHONEOS_DEPLOYMENT_TARGET = 16.2;
				MTL_ENABLE_DEBUG_INFO = NO;
				MTL_FAST_MATH = YES;
				SDKROOT = iphoneos;
				SWIFT_COMPILATION_MODE = wholemodule;
				SWIFT_OPTIMIZATION_LEVEL = "-O";
				VALIDATE_PRODUCT = YES;
			};
			name = Release;
		};
		263F8DA429FD27E700EAF4AB /* Debug */ = {
			isa = XCBuildConfiguration;
			buildSettings = {
				ASSETCATALOG_COMPILER_APPICON_NAME = AppIcon;
				ASSETCATALOG_COMPILER_GLOBAL_ACCENT_COLOR_NAME = AccentColor;
				CODE_SIGN_STYLE = Automatic;
				CURRENT_PROJECT_VERSION = 1;
				DEVELOPMENT_TEAM = XGPBG2FN47;
				GENERATE_INFOPLIST_FILE = YES;
				INFOPLIST_FILE = Tabeta/Info.plist;
				INFOPLIST_KEY_UIApplicationSupportsIndirectInputEvents = YES;
				INFOPLIST_KEY_UILaunchStoryboardName = LaunchScreen.storyboard;
				INFOPLIST_KEY_UISupportedInterfaceOrientations_iPad = "UIInterfaceOrientationPortrait UIInterfaceOrientationPortraitUpsideDown UIInterfaceOrientationLandscapeLeft UIInterfaceOrientationLandscapeRight";
				INFOPLIST_KEY_UISupportedInterfaceOrientations_iPhone = "UIInterfaceOrientationPortrait UIInterfaceOrientationLandscapeLeft UIInterfaceOrientationLandscapeRight";
				IPHONEOS_DEPLOYMENT_TARGET = 16.2;
				LD_RUNPATH_SEARCH_PATHS = (
					"$(inherited)",
					"@executable_path/Frameworks",
				);
				MARKETING_VERSION = 1.0;
				PRODUCT_BUNDLE_IDENTIFIER = com.raahs.Tabeta;
				PRODUCT_NAME = "$(TARGET_NAME)";
				SWIFT_EMIT_LOC_STRINGS = YES;
				SWIFT_VERSION = 5.0;
				TARGETED_DEVICE_FAMILY = "1,2";
			};
			name = Debug;
		};
		263F8DA529FD27E700EAF4AB /* Release */ = {
			isa = XCBuildConfiguration;
			buildSettings = {
				ASSETCATALOG_COMPILER_APPICON_NAME = AppIcon;
				ASSETCATALOG_COMPILER_GLOBAL_ACCENT_COLOR_NAME = AccentColor;
				CODE_SIGN_STYLE = Automatic;
				CURRENT_PROJECT_VERSION = 1;
				DEVELOPMENT_TEAM = XGPBG2FN47;
				GENERATE_INFOPLIST_FILE = YES;
				INFOPLIST_FILE = Tabeta/Info.plist;
				INFOPLIST_KEY_UIApplicationSupportsIndirectInputEvents = YES;
				INFOPLIST_KEY_UILaunchStoryboardName = LaunchScreen.storyboard;
				INFOPLIST_KEY_UISupportedInterfaceOrientations_iPad = "UIInterfaceOrientationPortrait UIInterfaceOrientationPortraitUpsideDown UIInterfaceOrientationLandscapeLeft UIInterfaceOrientationLandscapeRight";
				INFOPLIST_KEY_UISupportedInterfaceOrientations_iPhone = "UIInterfaceOrientationPortrait UIInterfaceOrientationLandscapeLeft UIInterfaceOrientationLandscapeRight";
				IPHONEOS_DEPLOYMENT_TARGET = 16.2;
				LD_RUNPATH_SEARCH_PATHS = (
					"$(inherited)",
					"@executable_path/Frameworks",
				);
				MARKETING_VERSION = 1.0;
				PRODUCT_BUNDLE_IDENTIFIER = com.raahs.Tabeta;
				PRODUCT_NAME = "$(TARGET_NAME)";
				SWIFT_EMIT_LOC_STRINGS = YES;
				SWIFT_VERSION = 5.0;
				TARGETED_DEVICE_FAMILY = "1,2";
			};
			name = Release;
		};
		263F8DA729FD27E700EAF4AB /* Debug */ = {
			isa = XCBuildConfiguration;
			buildSettings = {
				ALWAYS_EMBED_SWIFT_STANDARD_LIBRARIES = YES;
				BUNDLE_LOADER = "$(TEST_HOST)";
				CODE_SIGN_STYLE = Automatic;
				CURRENT_PROJECT_VERSION = 1;
				DEVELOPMENT_TEAM = XGPBG2FN47;
				GENERATE_INFOPLIST_FILE = YES;
				IPHONEOS_DEPLOYMENT_TARGET = 16.2;
				MARKETING_VERSION = 1.0;
				PRODUCT_BUNDLE_IDENTIFIER = com.raahs.TabetaTests;
				PRODUCT_NAME = "$(TARGET_NAME)";
				SWIFT_EMIT_LOC_STRINGS = NO;
				SWIFT_VERSION = 5.0;
				TARGETED_DEVICE_FAMILY = "1,2";
				TEST_HOST = "$(BUILT_PRODUCTS_DIR)/Tabeta.app/Tabeta";
			};
			name = Debug;
		};
		263F8DA829FD27E700EAF4AB /* Release */ = {
			isa = XCBuildConfiguration;
			buildSettings = {
				ALWAYS_EMBED_SWIFT_STANDARD_LIBRARIES = YES;
				BUNDLE_LOADER = "$(TEST_HOST)";
				CODE_SIGN_STYLE = Automatic;
				CURRENT_PROJECT_VERSION = 1;
				DEVELOPMENT_TEAM = XGPBG2FN47;
				GENERATE_INFOPLIST_FILE = YES;
				IPHONEOS_DEPLOYMENT_TARGET = 16.2;
				MARKETING_VERSION = 1.0;
				PRODUCT_BUNDLE_IDENTIFIER = com.raahs.TabetaTests;
				PRODUCT_NAME = "$(TARGET_NAME)";
				SWIFT_EMIT_LOC_STRINGS = NO;
				SWIFT_VERSION = 5.0;
				TARGETED_DEVICE_FAMILY = "1,2";
				TEST_HOST = "$(BUILT_PRODUCTS_DIR)/Tabeta.app/Tabeta";
			};
			name = Release;
		};
/* End XCBuildConfiguration section */

/* Begin XCConfigurationList section */
		263F8D7429FD27E500EAF4AB /* Build configuration list for PBXProject "Tabeta" */ = {
			isa = XCConfigurationList;
			buildConfigurations = (
				263F8DA129FD27E700EAF4AB /* Debug */,
				263F8DA229FD27E700EAF4AB /* Release */,
			);
			defaultConfigurationIsVisible = 0;
			defaultConfigurationName = Release;
		};
		263F8DA329FD27E700EAF4AB /* Build configuration list for PBXNativeTarget "Tabeta" */ = {
			isa = XCConfigurationList;
			buildConfigurations = (
				263F8DA429FD27E700EAF4AB /* Debug */,
				263F8DA529FD27E700EAF4AB /* Release */,
			);
			defaultConfigurationIsVisible = 0;
			defaultConfigurationName = Release;
		};
		263F8DA629FD27E700EAF4AB /* Build configuration list for PBXNativeTarget "TabetaTests" */ = {
			isa = XCConfigurationList;
			buildConfigurations = (
				263F8DA729FD27E700EAF4AB /* Debug */,
				263F8DA829FD27E700EAF4AB /* Release */,
			);
			defaultConfigurationIsVisible = 0;
			defaultConfigurationName = Release;
		};
/* End XCConfigurationList section */

/* Begin XCRemoteSwiftPackageReference section */
		263F8DAE29FD2D7800EAF4AB /* XCRemoteSwiftPackageReference "firebase-ios-sdk" */ = {
			isa = XCRemoteSwiftPackageReference;
			repositoryURL = "https://github.com/firebase/firebase-ios-sdk.git";
			requirement = {
				kind = upToNextMajorVersion;
				minimumVersion = 10.0.0;
			};
		};
/* End XCRemoteSwiftPackageReference section */

/* Begin XCSwiftPackageProductDependency section */
		263F8DAF29FD2D7800EAF4AB /* FirebaseAnalyticsSwift */ = {
			isa = XCSwiftPackageProductDependency;
			package = 263F8DAE29FD2D7800EAF4AB /* XCRemoteSwiftPackageReference "firebase-ios-sdk" */;
			productName = FirebaseAnalyticsSwift;
		};
		263F8DB129FD2D7800EAF4AB /* FirebaseAuth */ = {
			isa = XCSwiftPackageProductDependency;
			package = 263F8DAE29FD2D7800EAF4AB /* XCRemoteSwiftPackageReference "firebase-ios-sdk" */;
			productName = FirebaseAuth;
		};
		263F8DB329FD2D7800EAF4AB /* FirebaseCrashlytics */ = {
			isa = XCSwiftPackageProductDependency;
			package = 263F8DAE29FD2D7800EAF4AB /* XCRemoteSwiftPackageReference "firebase-ios-sdk" */;
			productName = FirebaseCrashlytics;
		};
		263F8DB529FD2D7800EAF4AB /* FirebaseDatabaseSwift */ = {
			isa = XCSwiftPackageProductDependency;
			package = 263F8DAE29FD2D7800EAF4AB /* XCRemoteSwiftPackageReference "firebase-ios-sdk" */;
			productName = FirebaseDatabaseSwift;
		};
/* End XCSwiftPackageProductDependency section */
	};
	rootObject = 263F8D7129FD27E500EAF4AB /* Project object */;
}
